// !$*UTF8*$!
{
	archiveVersion = 1;
	classes = {
	};
	objectVersion = 50;
	objects = {

/* Begin PBXBuildFile section */
		5228867824641CA700861E92 /* Quiz.swift in Sources */ = {isa = PBXBuildFile; fileRef = 5228867724641CA700861E92 /* Quiz.swift */; };
		5228867A24641CD700861E92 /* QuizzesService.swift in Sources */ = {isa = PBXBuildFile; fileRef = 5228867924641CD700861E92 /* QuizzesService.swift */; };
		5228867C24641CEF00861E92 /* LoginService.swift in Sources */ = {isa = PBXBuildFile; fileRef = 5228867B24641CEF00861E92 /* LoginService.swift */; };
		5228867E24641E8A00861E92 /* Question.swift in Sources */ = {isa = PBXBuildFile; fileRef = 5228867D24641E8A00861E92 /* Question.swift */; };
		522886822464870B00861E92 /* QuestionView.swift in Sources */ = {isa = PBXBuildFile; fileRef = 522886812464870B00861E92 /* QuestionView.swift */; };
		522886842464A10700861E92 /* QuestionView.xib in Resources */ = {isa = PBXBuildFile; fileRef = 522886832464A10700861E92 /* QuestionView.xib */; };
		522886862465628F00861E92 /* Category.swift in Sources */ = {isa = PBXBuildFile; fileRef = 522886852465628F00861E92 /* Category.swift */; };
		522886882465679E00861E92 /* QuizImageService.swift in Sources */ = {isa = PBXBuildFile; fileRef = 522886872465679E00861E92 /* QuizImageService.swift */; };
		5228868A246569DD00861E92 /* LoginViewController.swift in Sources */ = {isa = PBXBuildFile; fileRef = 52288689246569DD00861E92 /* LoginViewController.swift */; };
		5228868C24656A1D00861E92 /* LoginViewController.xib in Resources */ = {isa = PBXBuildFile; fileRef = 5228868B24656A1D00861E92 /* LoginViewController.xib */; };
		522886922465C68200861E92 /* Authorization.swift in Sources */ = {isa = PBXBuildFile; fileRef = 522886912465C68200861E92 /* Authorization.swift */; };
		522886A22465EC1400861E92 /* QuizTableViewCell.xib in Resources */ = {isa = PBXBuildFile; fileRef = 522886A12465EC1400861E92 /* QuizTableViewCell.xib */; };
		522886A72466A5DA00861E92 /* QuizzesViewModel.swift in Sources */ = {isa = PBXBuildFile; fileRef = 522886A62466A5DA00861E92 /* QuizzesViewModel.swift */; };
		522886A92466B89500861E92 /* QuizTableVIewCell.swift in Sources */ = {isa = PBXBuildFile; fileRef = 522886A82466B89500861E92 /* QuizTableVIewCell.swift */; };
		522886B12468328500861E92 /* QuizSectionHeaderTableViewCell.swift in Sources */ = {isa = PBXBuildFile; fileRef = 522886B02468328500861E92 /* QuizSectionHeaderTableViewCell.swift */; };
		522886B3246832A900861E92 /* QuizSectionHeaderTableViewCell.xib in Resources */ = {isa = PBXBuildFile; fileRef = 522886B2246832A900861E92 /* QuizSectionHeaderTableViewCell.xib */; };
		524DA34924615C7E00F69467 /* AppDelegate.swift in Sources */ = {isa = PBXBuildFile; fileRef = 524DA34824615C7E00F69467 /* AppDelegate.swift */; };
		524DA35224615C8100F69467 /* Assets.xcassets in Resources */ = {isa = PBXBuildFile; fileRef = 524DA35124615C8100F69467 /* Assets.xcassets */; };
		524DA35524615C8100F69467 /* LaunchScreen.storyboard in Resources */ = {isa = PBXBuildFile; fileRef = 524DA35324615C8100F69467 /* LaunchScreen.storyboard */; };
		524DA38B2462EC4F00F69467 /* Constants.swift in Sources */ = {isa = PBXBuildFile; fileRef = 524DA38A2462EC4F00F69467 /* Constants.swift */; };
		524DA38D2462ED9B00F69467 /* GradientExtensionUiView.swift in Sources */ = {isa = PBXBuildFile; fileRef = 524DA38C2462ED9B00F69467 /* GradientExtensionUiView.swift */; };
		524DA38F2462FF0700F69467 /* HomePageViewController.swift in Sources */ = {isa = PBXBuildFile; fileRef = 524DA38E2462FF0700F69467 /* HomePageViewController.swift */; };
		524DA3912463008000F69467 /* HomePageViewController.xib in Resources */ = {isa = PBXBuildFile; fileRef = 524DA3902463008000F69467 /* HomePageViewController.xib */; };
		524DA3BE2463563900F69467 /* SourceSansPro-BlackItalic.ttf in Resources */ = {isa = PBXBuildFile; fileRef = 524DA3B22463563900F69467 /* SourceSansPro-BlackItalic.ttf */; };
		524DA3BF2463563900F69467 /* SourceSansPro-Regular.ttf in Resources */ = {isa = PBXBuildFile; fileRef = 524DA3B32463563900F69467 /* SourceSansPro-Regular.ttf */; };
		524DA3C02463563900F69467 /* SourceSansPro-ExtraLightItalic.ttf in Resources */ = {isa = PBXBuildFile; fileRef = 524DA3B42463563900F69467 /* SourceSansPro-ExtraLightItalic.ttf */; };
		524DA3C12463563900F69467 /* SourceSansPro-Black.ttf in Resources */ = {isa = PBXBuildFile; fileRef = 524DA3B52463563900F69467 /* SourceSansPro-Black.ttf */; };
		524DA3C22463563900F69467 /* SourceSansPro-SemiBold.ttf in Resources */ = {isa = PBXBuildFile; fileRef = 524DA3B62463563900F69467 /* SourceSansPro-SemiBold.ttf */; };
		524DA3C32463563900F69467 /* SourceSansPro-ExtraLight.ttf in Resources */ = {isa = PBXBuildFile; fileRef = 524DA3B72463563900F69467 /* SourceSansPro-ExtraLight.ttf */; };
		524DA3C42463563900F69467 /* SourceSansPro-Light.ttf in Resources */ = {isa = PBXBuildFile; fileRef = 524DA3B82463563900F69467 /* SourceSansPro-Light.ttf */; };
		524DA3C52463563900F69467 /* SourceSansPro-Bold.ttf in Resources */ = {isa = PBXBuildFile; fileRef = 524DA3B92463563900F69467 /* SourceSansPro-Bold.ttf */; };
		524DA3C62463563900F69467 /* SourceSansPro-LightItalic.ttf in Resources */ = {isa = PBXBuildFile; fileRef = 524DA3BA2463563900F69467 /* SourceSansPro-LightItalic.ttf */; };
		524DA3C72463563900F69467 /* SourceSansPro-BoldItalic.ttf in Resources */ = {isa = PBXBuildFile; fileRef = 524DA3BB2463563900F69467 /* SourceSansPro-BoldItalic.ttf */; };
		524DA3C82463563900F69467 /* SourceSansPro-Italic.ttf in Resources */ = {isa = PBXBuildFile; fileRef = 524DA3BC2463563900F69467 /* SourceSansPro-Italic.ttf */; };
		524DA3C92463563900F69467 /* SourceSansPro-SemiBoldItalic.ttf in Resources */ = {isa = PBXBuildFile; fileRef = 524DA3BD2463563900F69467 /* SourceSansPro-SemiBoldItalic.ttf */; };
/* End PBXBuildFile section */

/* Begin PBXFileReference section */
		5228867724641CA700861E92 /* Quiz.swift */ = {isa = PBXFileReference; lastKnownFileType = sourcecode.swift; path = Quiz.swift; sourceTree = "<group>"; };
		5228867924641CD700861E92 /* QuizzesService.swift */ = {isa = PBXFileReference; lastKnownFileType = sourcecode.swift; path = QuizzesService.swift; sourceTree = "<group>"; };
		5228867B24641CEF00861E92 /* LoginService.swift */ = {isa = PBXFileReference; lastKnownFileType = sourcecode.swift; path = LoginService.swift; sourceTree = "<group>"; };
		5228867D24641E8A00861E92 /* Question.swift */ = {isa = PBXFileReference; lastKnownFileType = sourcecode.swift; path = Question.swift; sourceTree = "<group>"; };
		522886812464870B00861E92 /* QuestionView.swift */ = {isa = PBXFileReference; lastKnownFileType = sourcecode.swift; path = QuestionView.swift; sourceTree = "<group>"; };
		522886832464A10700861E92 /* QuestionView.xib */ = {isa = PBXFileReference; lastKnownFileType = file.xib; path = QuestionView.xib; sourceTree = "<group>"; };
		522886852465628F00861E92 /* Category.swift */ = {isa = PBXFileReference; lastKnownFileType = sourcecode.swift; path = Category.swift; sourceTree = "<group>"; };
		522886872465679E00861E92 /* QuizImageService.swift */ = {isa = PBXFileReference; lastKnownFileType = sourcecode.swift; path = QuizImageService.swift; sourceTree = "<group>"; };
		52288689246569DD00861E92 /* LoginViewController.swift */ = {isa = PBXFileReference; lastKnownFileType = sourcecode.swift; path = LoginViewController.swift; sourceTree = "<group>"; };
		5228868B24656A1D00861E92 /* LoginViewController.xib */ = {isa = PBXFileReference; lastKnownFileType = file.xib; path = LoginViewController.xib; sourceTree = "<group>"; };
		522886912465C68200861E92 /* Authorization.swift */ = {isa = PBXFileReference; lastKnownFileType = sourcecode.swift; path = Authorization.swift; sourceTree = "<group>"; };
		522886A12465EC1400861E92 /* QuizTableViewCell.xib */ = {isa = PBXFileReference; lastKnownFileType = file.xib; path = QuizTableViewCell.xib; sourceTree = "<group>"; };
		522886A62466A5DA00861E92 /* QuizzesViewModel.swift */ = {isa = PBXFileReference; lastKnownFileType = sourcecode.swift; path = QuizzesViewModel.swift; sourceTree = "<group>"; };
		522886A82466B89500861E92 /* QuizTableVIewCell.swift */ = {isa = PBXFileReference; lastKnownFileType = sourcecode.swift; path = QuizTableVIewCell.swift; sourceTree = "<group>"; };
		522886B02468328500861E92 /* QuizSectionHeaderTableViewCell.swift */ = {isa = PBXFileReference; lastKnownFileType = sourcecode.swift; path = QuizSectionHeaderTableViewCell.swift; sourceTree = "<group>"; };
		522886B2246832A900861E92 /* QuizSectionHeaderTableViewCell.xib */ = {isa = PBXFileReference; lastKnownFileType = file.xib; path = QuizSectionHeaderTableViewCell.xib; sourceTree = "<group>"; };
		524DA34524615C7E00F69467 /* QuizApp.app */ = {isa = PBXFileReference; explicitFileType = wrapper.application; includeInIndex = 0; path = QuizApp.app; sourceTree = BUILT_PRODUCTS_DIR; };
		524DA34824615C7E00F69467 /* AppDelegate.swift */ = {isa = PBXFileReference; lastKnownFileType = sourcecode.swift; path = AppDelegate.swift; sourceTree = "<group>"; };
		524DA35124615C8100F69467 /* Assets.xcassets */ = {isa = PBXFileReference; lastKnownFileType = folder.assetcatalog; path = Assets.xcassets; sourceTree = "<group>"; };
		524DA35424615C8100F69467 /* Base */ = {isa = PBXFileReference; lastKnownFileType = file.storyboard; name = Base; path = Base.lproj/LaunchScreen.storyboard; sourceTree = "<group>"; };
		524DA35624615C8100F69467 /* Info.plist */ = {isa = PBXFileReference; lastKnownFileType = text.plist.xml; path = Info.plist; sourceTree = "<group>"; };
		524DA38A2462EC4F00F69467 /* Constants.swift */ = {isa = PBXFileReference; lastKnownFileType = sourcecode.swift; path = Constants.swift; sourceTree = "<group>"; };
		524DA38C2462ED9B00F69467 /* GradientExtensionUiView.swift */ = {isa = PBXFileReference; lastKnownFileType = sourcecode.swift; path = GradientExtensionUiView.swift; sourceTree = "<group>"; };
		524DA38E2462FF0700F69467 /* HomePageViewController.swift */ = {isa = PBXFileReference; lastKnownFileType = sourcecode.swift; path = HomePageViewController.swift; sourceTree = "<group>"; };
		524DA3902463008000F69467 /* HomePageViewController.xib */ = {isa = PBXFileReference; lastKnownFileType = file.xib; path = HomePageViewController.xib; sourceTree = "<group>"; };
		524DA3B22463563900F69467 /* SourceSansPro-BlackItalic.ttf */ = {isa = PBXFileReference; lastKnownFileType = file; path = "SourceSansPro-BlackItalic.ttf"; sourceTree = "<group>"; };
		524DA3B32463563900F69467 /* SourceSansPro-Regular.ttf */ = {isa = PBXFileReference; lastKnownFileType = file; path = "SourceSansPro-Regular.ttf"; sourceTree = "<group>"; };
		524DA3B42463563900F69467 /* SourceSansPro-ExtraLightItalic.ttf */ = {isa = PBXFileReference; lastKnownFileType = file; path = "SourceSansPro-ExtraLightItalic.ttf"; sourceTree = "<group>"; };
		524DA3B52463563900F69467 /* SourceSansPro-Black.ttf */ = {isa = PBXFileReference; lastKnownFileType = file; path = "SourceSansPro-Black.ttf"; sourceTree = "<group>"; };
		524DA3B62463563900F69467 /* SourceSansPro-SemiBold.ttf */ = {isa = PBXFileReference; lastKnownFileType = file; path = "SourceSansPro-SemiBold.ttf"; sourceTree = "<group>"; };
		524DA3B72463563900F69467 /* SourceSansPro-ExtraLight.ttf */ = {isa = PBXFileReference; lastKnownFileType = file; path = "SourceSansPro-ExtraLight.ttf"; sourceTree = "<group>"; };
		524DA3B82463563900F69467 /* SourceSansPro-Light.ttf */ = {isa = PBXFileReference; lastKnownFileType = file; path = "SourceSansPro-Light.ttf"; sourceTree = "<group>"; };
		524DA3B92463563900F69467 /* SourceSansPro-Bold.ttf */ = {isa = PBXFileReference; lastKnownFileType = file; path = "SourceSansPro-Bold.ttf"; sourceTree = "<group>"; };
		524DA3BA2463563900F69467 /* SourceSansPro-LightItalic.ttf */ = {isa = PBXFileReference; lastKnownFileType = file; path = "SourceSansPro-LightItalic.ttf"; sourceTree = "<group>"; };
		524DA3BB2463563900F69467 /* SourceSansPro-BoldItalic.ttf */ = {isa = PBXFileReference; lastKnownFileType = file; path = "SourceSansPro-BoldItalic.ttf"; sourceTree = "<group>"; };
		524DA3BC2463563900F69467 /* SourceSansPro-Italic.ttf */ = {isa = PBXFileReference; lastKnownFileType = file; path = "SourceSansPro-Italic.ttf"; sourceTree = "<group>"; };
		524DA3BD2463563900F69467 /* SourceSansPro-SemiBoldItalic.ttf */ = {isa = PBXFileReference; lastKnownFileType = file; path = "SourceSansPro-SemiBoldItalic.ttf"; sourceTree = "<group>"; };
/* End PBXFileReference section */

/* Begin PBXFrameworksBuildPhase section */
		524DA34224615C7E00F69467 /* Frameworks */ = {
			isa = PBXFrameworksBuildPhase;
			buildActionMask = 2147483647;
			files = (
			);
			runOnlyForDeploymentPostprocessing = 0;
		};
/* End PBXFrameworksBuildPhase section */

/* Begin PBXGroup section */
		522886932465CC7900861E92 /* Utils */ = {
			isa = PBXGroup;
			children = (
				524DA38A2462EC4F00F69467 /* Constants.swift */,
				524DA38C2462ED9B00F69467 /* GradientExtensionUiView.swift */,
				522886912465C68200861E92 /* Authorization.swift */,
			);
			path = Utils;
			sourceTree = "<group>";
		};
		522886962465E18F00861E92 /* Cells */ = {
			isa = PBXGroup;
			children = (
				522886A82466B89500861E92 /* QuizTableVIewCell.swift */,
				522886A12465EC1400861E92 /* QuizTableViewCell.xib */,
				522886B02468328500861E92 /* QuizSectionHeaderTableViewCell.swift */,
				522886B2246832A900861E92 /* QuizSectionHeaderTableViewCell.xib */,
			);
			path = Cells;
			sourceTree = "<group>";
		};
		522886A52466A51700861E92 /* ViewModels */ = {
			isa = PBXGroup;
			children = (
				522886A62466A5DA00861E92 /* QuizzesViewModel.swift */,
			);
			path = ViewModels;
			sourceTree = "<group>";
		};
		524DA33C24615C7E00F69467 = {
			isa = PBXGroup;
			children = (
				524DA34724615C7E00F69467 /* QuizApp */,
				524DA34624615C7E00F69467 /* Products */,
			);
			sourceTree = "<group>";
		};
		524DA34624615C7E00F69467 /* Products */ = {
			isa = PBXGroup;
			children = (
				524DA34524615C7E00F69467 /* QuizApp.app */,
			);
			name = Products;
			sourceTree = "<group>";
		};
		524DA34724615C7E00F69467 /* QuizApp */ = {
			isa = PBXGroup;
			children = (
				524DA38724618DB800F69467 /* Supporting files */,
				522886932465CC7900861E92 /* Utils */,
				524DA3942463531000F69467 /* Fonts */,
				522886962465E18F00861E92 /* Cells */,
				524DA37D24618B9800F69467 /* Services */,
				524DA37C24618B8600F69467 /* Models */,
				524DA37E24618BAB00F69467 /* Views */,
				522886A52466A51700861E92 /* ViewModels */,
				524DA38024618BC100F69467 /* Controllers */,
			);
			path = QuizApp;
			sourceTree = "<group>";
		};
		524DA37C24618B8600F69467 /* Models */ = {
			isa = PBXGroup;
			children = (
				5228867724641CA700861E92 /* Quiz.swift */,
				5228867D24641E8A00861E92 /* Question.swift */,
				522886852465628F00861E92 /* Category.swift */,
			);
			path = Models;
			sourceTree = "<group>";
		};
		524DA37D24618B9800F69467 /* Services */ = {
			isa = PBXGroup;
			children = (
				5228867924641CD700861E92 /* QuizzesService.swift */,
				5228867B24641CEF00861E92 /* LoginService.swift */,
				522886872465679E00861E92 /* QuizImageService.swift */,
			);
			path = Services;
			sourceTree = "<group>";
		};
		524DA37E24618BAB00F69467 /* Views */ = {
			isa = PBXGroup;
			children = (
				522886812464870B00861E92 /* QuestionView.swift */,
				522886832464A10700861E92 /* QuestionView.xib */,
			);
			path = Views;
			sourceTree = "<group>";
		};
		524DA38024618BC100F69467 /* Controllers */ = {
			isa = PBXGroup;
			children = (
				524DA38E2462FF0700F69467 /* HomePageViewController.swift */,
				524DA3902463008000F69467 /* HomePageViewController.xib */,
				52288689246569DD00861E92 /* LoginViewController.swift */,
				5228868B24656A1D00861E92 /* LoginViewController.xib */,
			);
			path = Controllers;
			sourceTree = "<group>";
		};
		524DA38724618DB800F69467 /* Supporting files */ = {
			isa = PBXGroup;
			children = (
				524DA34824615C7E00F69467 /* AppDelegate.swift */,
				524DA35124615C8100F69467 /* Assets.xcassets */,
				524DA35324615C8100F69467 /* LaunchScreen.storyboard */,
				524DA35624615C8100F69467 /* Info.plist */,
			);
			name = "Supporting files";
			sourceTree = "<group>";
		};
		524DA3942463531000F69467 /* Fonts */ = {
			isa = PBXGroup;
			children = (
				524DA397246354EC00F69467 /* Source Sans Pro */,
			);
			path = Fonts;
			sourceTree = "<group>";
		};
		524DA397246354EC00F69467 /* Source Sans Pro */ = {
			isa = PBXGroup;
			children = (
				524DA3B52463563900F69467 /* SourceSansPro-Black.ttf */,
				524DA3B22463563900F69467 /* SourceSansPro-BlackItalic.ttf */,
				524DA3B92463563900F69467 /* SourceSansPro-Bold.ttf */,
				524DA3BB2463563900F69467 /* SourceSansPro-BoldItalic.ttf */,
				524DA3B72463563900F69467 /* SourceSansPro-ExtraLight.ttf */,
				524DA3B42463563900F69467 /* SourceSansPro-ExtraLightItalic.ttf */,
				524DA3BC2463563900F69467 /* SourceSansPro-Italic.ttf */,
				524DA3B82463563900F69467 /* SourceSansPro-Light.ttf */,
				524DA3BA2463563900F69467 /* SourceSansPro-LightItalic.ttf */,
				524DA3B32463563900F69467 /* SourceSansPro-Regular.ttf */,
				524DA3B62463563900F69467 /* SourceSansPro-SemiBold.ttf */,
				524DA3BD2463563900F69467 /* SourceSansPro-SemiBoldItalic.ttf */,
			);
			path = "Source Sans Pro";
			sourceTree = "<group>";
		};
/* End PBXGroup section */

/* Begin PBXNativeTarget section */
		524DA34424615C7E00F69467 /* QuizApp */ = {
			isa = PBXNativeTarget;
			buildConfigurationList = 524DA35924615C8100F69467 /* Build configuration list for PBXNativeTarget "QuizApp" */;
			buildPhases = (
				524DA34124615C7E00F69467 /* Sources */,
				524DA34224615C7E00F69467 /* Frameworks */,
				524DA34324615C7E00F69467 /* Resources */,
			);
			buildRules = (
			);
			dependencies = (
			);
			name = QuizApp;
			productName = QuizApp;
			productReference = 524DA34524615C7E00F69467 /* QuizApp.app */;
			productType = "com.apple.product-type.application";
		};
/* End PBXNativeTarget section */

/* Begin PBXProject section */
		524DA33D24615C7E00F69467 /* Project object */ = {
			isa = PBXProject;
			attributes = {
				LastSwiftUpdateCheck = 1140;
				LastUpgradeCheck = 1140;
				ORGANIZATIONNAME = "Dario Nikolić";
				TargetAttributes = {
					524DA34424615C7E00F69467 = {
						CreatedOnToolsVersion = 11.4.1;
					};
				};
			};
			buildConfigurationList = 524DA34024615C7E00F69467 /* Build configuration list for PBXProject "QuizApp" */;
			compatibilityVersion = "Xcode 9.3";
			developmentRegion = en;
			hasScannedForEncodings = 0;
			knownRegions = (
				en,
				Base,
			);
			mainGroup = 524DA33C24615C7E00F69467;
			productRefGroup = 524DA34624615C7E00F69467 /* Products */;
			projectDirPath = "";
			projectRoot = "";
			targets = (
				524DA34424615C7E00F69467 /* QuizApp */,
			);
		};
/* End PBXProject section */

/* Begin PBXResourcesBuildPhase section */
		524DA34324615C7E00F69467 /* Resources */ = {
			isa = PBXResourcesBuildPhase;
			buildActionMask = 2147483647;
			files = (
				524DA3BF2463563900F69467 /* SourceSansPro-Regular.ttf in Resources */,
				524DA3C92463563900F69467 /* SourceSansPro-SemiBoldItalic.ttf in Resources */,
				522886A22465EC1400861E92 /* QuizTableViewCell.xib in Resources */,
				524DA3C22463563900F69467 /* SourceSansPro-SemiBold.ttf in Resources */,
				524DA3BE2463563900F69467 /* SourceSansPro-BlackItalic.ttf in Resources */,
				5228868C24656A1D00861E92 /* LoginViewController.xib in Resources */,
				522886B3246832A900861E92 /* QuizSectionHeaderTableViewCell.xib in Resources */,
				522886842464A10700861E92 /* QuestionView.xib in Resources */,
				524DA3C42463563900F69467 /* SourceSansPro-Light.ttf in Resources */,
				524DA3C32463563900F69467 /* SourceSansPro-ExtraLight.ttf in Resources */,
				524DA3C02463563900F69467 /* SourceSansPro-ExtraLightItalic.ttf in Resources */,
				524DA35524615C8100F69467 /* LaunchScreen.storyboard in Resources */,
				524DA35224615C8100F69467 /* Assets.xcassets in Resources */,
				524DA3912463008000F69467 /* HomePageViewController.xib in Resources */,
				524DA3C52463563900F69467 /* SourceSansPro-Bold.ttf in Resources */,
				524DA3C12463563900F69467 /* SourceSansPro-Black.ttf in Resources */,
				524DA3C62463563900F69467 /* SourceSansPro-LightItalic.ttf in Resources */,
				524DA3C82463563900F69467 /* SourceSansPro-Italic.ttf in Resources */,
				524DA3C72463563900F69467 /* SourceSansPro-BoldItalic.ttf in Resources */,
			);
			runOnlyForDeploymentPostprocessing = 0;
		};
/* End PBXResourcesBuildPhase section */

/* Begin PBXSourcesBuildPhase section */
		524DA34124615C7E00F69467 /* Sources */ = {
			isa = PBXSourcesBuildPhase;
			buildActionMask = 2147483647;
			files = (
				522886A92466B89500861E92 /* QuizTableVIewCell.swift in Sources */,
				5228867A24641CD700861E92 /* QuizzesService.swift in Sources */,
				522886A72466A5DA00861E92 /* QuizzesViewModel.swift in Sources */,
				522886922465C68200861E92 /* Authorization.swift in Sources */,
				5228868A246569DD00861E92 /* LoginViewController.swift in Sources */,
				522886862465628F00861E92 /* Category.swift in Sources */,
				522886882465679E00861E92 /* QuizImageService.swift in Sources */,
				5228867E24641E8A00861E92 /* Question.swift in Sources */,
				524DA38F2462FF0700F69467 /* HomePageViewController.swift in Sources */,
				522886B12468328500861E92 /* QuizSectionHeaderTableViewCell.swift in Sources */,
				5228867824641CA700861E92 /* Quiz.swift in Sources */,
				524DA38D2462ED9B00F69467 /* GradientExtensionUiView.swift in Sources */,
				524DA34924615C7E00F69467 /* AppDelegate.swift in Sources */,
				524DA38B2462EC4F00F69467 /* Constants.swift in Sources */,
				522886822464870B00861E92 /* QuestionView.swift in Sources */,
				5228867C24641CEF00861E92 /* LoginService.swift in Sources */,
			);
			runOnlyForDeploymentPostprocessing = 0;
		};
/* End PBXSourcesBuildPhase section */

/* Begin PBXVariantGroup section */
		524DA35324615C8100F69467 /* LaunchScreen.storyboard */ = {
			isa = PBXVariantGroup;
			children = (
				524DA35424615C8100F69467 /* Base */,
			);
			name = LaunchScreen.storyboard;
			sourceTree = "<group>";
		};
/* End PBXVariantGroup section */

/* Begin XCBuildConfiguration section */
		524DA35724615C8100F69467 /* Debug */ = {
			isa = XCBuildConfiguration;
			buildSettings = {
				ALWAYS_SEARCH_USER_PATHS = NO;
				CLANG_ANALYZER_NONNULL = YES;
				CLANG_ANALYZER_NUMBER_OBJECT_CONVERSION = YES_AGGRESSIVE;
				CLANG_CXX_LANGUAGE_STANDARD = "gnu++14";
				CLANG_CXX_LIBRARY = "libc++";
				CLANG_ENABLE_MODULES = YES;
				CLANG_ENABLE_OBJC_ARC = YES;
				CLANG_ENABLE_OBJC_WEAK = YES;
				CLANG_WARN_BLOCK_CAPTURE_AUTORELEASING = YES;
				CLANG_WARN_BOOL_CONVERSION = YES;
				CLANG_WARN_COMMA = YES;
				CLANG_WARN_CONSTANT_CONVERSION = YES;
				CLANG_WARN_DEPRECATED_OBJC_IMPLEMENTATIONS = YES;
				CLANG_WARN_DIRECT_OBJC_ISA_USAGE = YES_ERROR;
				CLANG_WARN_DOCUMENTATION_COMMENTS = YES;
				CLANG_WARN_EMPTY_BODY = YES;
				CLANG_WARN_ENUM_CONVERSION = YES;
				CLANG_WARN_INFINITE_RECURSION = YES;
				CLANG_WARN_INT_CONVERSION = YES;
				CLANG_WARN_NON_LITERAL_NULL_CONVERSION = YES;
				CLANG_WARN_OBJC_IMPLICIT_RETAIN_SELF = YES;
				CLANG_WARN_OBJC_LITERAL_CONVERSION = YES;
				CLANG_WARN_OBJC_ROOT_CLASS = YES_ERROR;
				CLANG_WARN_RANGE_LOOP_ANALYSIS = YES;
				CLANG_WARN_STRICT_PROTOTYPES = YES;
				CLANG_WARN_SUSPICIOUS_MOVE = YES;
				CLANG_WARN_UNGUARDED_AVAILABILITY = YES_AGGRESSIVE;
				CLANG_WARN_UNREACHABLE_CODE = YES;
				CLANG_WARN__DUPLICATE_METHOD_MATCH = YES;
				COPY_PHASE_STRIP = NO;
				DEBUG_INFORMATION_FORMAT = dwarf;
				ENABLE_STRICT_OBJC_MSGSEND = YES;
				ENABLE_TESTABILITY = YES;
				GCC_C_LANGUAGE_STANDARD = gnu11;
				GCC_DYNAMIC_NO_PIC = NO;
				GCC_NO_COMMON_BLOCKS = YES;
				GCC_OPTIMIZATION_LEVEL = 0;
				GCC_PREPROCESSOR_DEFINITIONS = (
					"DEBUG=1",
					"$(inherited)",
				);
				GCC_WARN_64_TO_32_BIT_CONVERSION = YES;
				GCC_WARN_ABOUT_RETURN_TYPE = YES_ERROR;
				GCC_WARN_UNDECLARED_SELECTOR = YES;
				GCC_WARN_UNINITIALIZED_AUTOS = YES_AGGRESSIVE;
				GCC_WARN_UNUSED_FUNCTION = YES;
				GCC_WARN_UNUSED_VARIABLE = YES;
				IPHONEOS_DEPLOYMENT_TARGET = 13.4;
				MTL_ENABLE_DEBUG_INFO = INCLUDE_SOURCE;
				MTL_FAST_MATH = YES;
				ONLY_ACTIVE_ARCH = YES;
				SDKROOT = iphoneos;
				SWIFT_ACTIVE_COMPILATION_CONDITIONS = DEBUG;
				SWIFT_OPTIMIZATION_LEVEL = "-Onone";
			};
			name = Debug;
		};
		524DA35824615C8100F69467 /* Release */ = {
			isa = XCBuildConfiguration;
			buildSettings = {
				ALWAYS_SEARCH_USER_PATHS = NO;
				CLANG_ANALYZER_NONNULL = YES;
				CLANG_ANALYZER_NUMBER_OBJECT_CONVERSION = YES_AGGRESSIVE;
				CLANG_CXX_LANGUAGE_STANDARD = "gnu++14";
				CLANG_CXX_LIBRARY = "libc++";
				CLANG_ENABLE_MODULES = YES;
				CLANG_ENABLE_OBJC_ARC = YES;
				CLANG_ENABLE_OBJC_WEAK = YES;
				CLANG_WARN_BLOCK_CAPTURE_AUTORELEASING = YES;
				CLANG_WARN_BOOL_CONVERSION = YES;
				CLANG_WARN_COMMA = YES;
				CLANG_WARN_CONSTANT_CONVERSION = YES;
				CLANG_WARN_DEPRECATED_OBJC_IMPLEMENTATIONS = YES;
				CLANG_WARN_DIRECT_OBJC_ISA_USAGE = YES_ERROR;
				CLANG_WARN_DOCUMENTATION_COMMENTS = YES;
				CLANG_WARN_EMPTY_BODY = YES;
				CLANG_WARN_ENUM_CONVERSION = YES;
				CLANG_WARN_INFINITE_RECURSION = YES;
				CLANG_WARN_INT_CONVERSION = YES;
				CLANG_WARN_NON_LITERAL_NULL_CONVERSION = YES;
				CLANG_WARN_OBJC_IMPLICIT_RETAIN_SELF = YES;
				CLANG_WARN_OBJC_LITERAL_CONVERSION = YES;
				CLANG_WARN_OBJC_ROOT_CLASS = YES_ERROR;
				CLANG_WARN_RANGE_LOOP_ANALYSIS = YES;
				CLANG_WARN_STRICT_PROTOTYPES = YES;
				CLANG_WARN_SUSPICIOUS_MOVE = YES;
				CLANG_WARN_UNGUARDED_AVAILABILITY = YES_AGGRESSIVE;
				CLANG_WARN_UNREACHABLE_CODE = YES;
				CLANG_WARN__DUPLICATE_METHOD_MATCH = YES;
				COPY_PHASE_STRIP = NO;
				DEBUG_INFORMATION_FORMAT = "dwarf-with-dsym";
				ENABLE_NS_ASSERTIONS = NO;
				ENABLE_STRICT_OBJC_MSGSEND = YES;
				GCC_C_LANGUAGE_STANDARD = gnu11;
				GCC_NO_COMMON_BLOCKS = YES;
				GCC_WARN_64_TO_32_BIT_CONVERSION = YES;
				GCC_WARN_ABOUT_RETURN_TYPE = YES_ERROR;
				GCC_WARN_UNDECLARED_SELECTOR = YES;
				GCC_WARN_UNINITIALIZED_AUTOS = YES_AGGRESSIVE;
				GCC_WARN_UNUSED_FUNCTION = YES;
				GCC_WARN_UNUSED_VARIABLE = YES;
				IPHONEOS_DEPLOYMENT_TARGET = 13.4;
				MTL_ENABLE_DEBUG_INFO = NO;
				MTL_FAST_MATH = YES;
				SDKROOT = iphoneos;
				SWIFT_COMPILATION_MODE = wholemodule;
				SWIFT_OPTIMIZATION_LEVEL = "-O";
				VALIDATE_PRODUCT = YES;
			};
			name = Release;
		};
		524DA35A24615C8100F69467 /* Debug */ = {
			isa = XCBuildConfiguration;
			buildSettings = {
				ASSETCATALOG_COMPILER_APPICON_NAME = AppIcon;
				CODE_SIGN_STYLE = Automatic;
				INFOPLIST_FILE = QuizApp/Info.plist;
				LD_RUNPATH_SEARCH_PATHS = (
					"$(inherited)",
					"@executable_path/Frameworks",
				);
				PRODUCT_BUNDLE_IDENTIFIER = hr.fer.nikolic.dario.QuizApp;
				PRODUCT_NAME = "$(TARGET_NAME)";
				SWIFT_VERSION = 5.0;
				TARGETED_DEVICE_FAMILY = "1,2";
			};
			name = Debug;
		};
		524DA35B24615C8100F69467 /* Release */ = {
			isa = XCBuildConfiguration;
			buildSettings = {
				ASSETCATALOG_COMPILER_APPICON_NAME = AppIcon;
				CODE_SIGN_STYLE = Automatic;
				INFOPLIST_FILE = QuizApp/Info.plist;
				LD_RUNPATH_SEARCH_PATHS = (
					"$(inherited)",
					"@executable_path/Frameworks",
				);
				PRODUCT_BUNDLE_IDENTIFIER = hr.fer.nikolic.dario.QuizApp;
				PRODUCT_NAME = "$(TARGET_NAME)";
				SWIFT_VERSION = 5.0;
				TARGETED_DEVICE_FAMILY = "1,2";
			};
			name = Release;
		};
/* End XCBuildConfiguration section */

/* Begin XCConfigurationList section */
		524DA34024615C7E00F69467 /* Build configuration list for PBXProject "QuizApp" */ = {
			isa = XCConfigurationList;
			buildConfigurations = (
				524DA35724615C8100F69467 /* Debug */,
				524DA35824615C8100F69467 /* Release */,
			);
			defaultConfigurationIsVisible = 0;
			defaultConfigurationName = Release;
		};
		524DA35924615C8100F69467 /* Build configuration list for PBXNativeTarget "QuizApp" */ = {
			isa = XCConfigurationList;
			buildConfigurations = (
				524DA35A24615C8100F69467 /* Debug */,
				524DA35B24615C8100F69467 /* Release */,
			);
			defaultConfigurationIsVisible = 0;
			defaultConfigurationName = Release;
		};
/* End XCConfigurationList section */
	};
	rootObject = 524DA33D24615C7E00F69467 /* Project object */;
}
